{
  "lockfileVersion": 2,
  "configVersion": 1,
  "workspaces": {
    "": {
      "name": "log4js-layout-json",
      "devDependencies": {
        "@types/bun": "^1.4.2",
        "@types/node": "^24.13.3",
        "dprint": "~0.57.4",
        "log4js": "^6.9.1",
        "typescript": "~7.0.2",
      },
      "peerDependencies": {
        "log4js": ">=6",
      },
    },
  },
  "packages": {
    "@dprint/android-arm64": ["@dprint/android-arm64@0.57.4", "", { "os": "android", "cpu": "arm64" }, "sha512-vpafWVSNbB5ShCThZC3O5xOPsdxc2oeLedFVCsscSRf/iR6WZ62ROU2AGcxsJyE2y4/vxivejenbNYjWxL24sQ=="],

    "@dprint/android-x64": ["@dprint/android-x64@0.57.4", "", { "os": "android", "cpu": "x64" }, "sha512-Zv2I12Zs9IK8yv1wdXGWluUram9h8Acy3NuF/7WzsxIfdlmnWzUGxoc4Z0dno6aJpv0ViXybkIHPvDKrQnvxVA=="],

    "@dprint/darwin-arm64": ["@dprint/darwin-arm64@0.57.4", "", { "os": "darwin", "cpu": "arm64" }, "sha512-2V1BzlP+5aLxMaq77MUn2EdRX+UtOq34QjyMwpq1wQkR5MAT2cglJro4Eh1tsI+btjt3FMsX4/PLvz6eUSLl3g=="],

    "@dprint/darwin-x64": ["@dprint/darwin-x64@0.57.4", "", { "os": "darwin", "cpu": "x64" }, "sha512-dQfzBLBQro1O+CxIkIVc9LJqgYsWCKXTf+3QA0Gq/NjW6KPBwlbiCquew3UOeWwGEvarNSA0/Rvz5J8HnykTPA=="],

    "@dprint/linux-arm64-glibc": ["@dprint/linux-arm64-glibc@0.57.4", "", { "os": "linux", "cpu": "arm64" }, "sha512-zFCgx2E2szEnMgtBCKiI/G5vV5mi7rnTVDMB2FrIa6JheqF8pgfrx6m3HWzIed74cFM3/KCH0LmIfCNZT5vRfw=="],

    "@dprint/linux-arm64-musl": ["@dprint/linux-arm64-musl@0.57.4", "", { "os": "linux", "cpu": "arm64" }, "sha512-8DV33dU5c5vp/TJJp4Dy/4HYc4r5KidlMJgoiG0S9JMygVGjhrXRNiI/C7M9hLgsamqeLYt4MWfEGKvtgOwoew=="],

    "@dprint/linux-loong64-glibc": ["@dprint/linux-loong64-glibc@0.57.4", "", { "os": "linux", "cpu": "none" }, "sha512-166HbqGPMiKjCUuaiG6xyKrw8EKFF6vPBcmwFWUYHpZE6ipVVxt1Zen9957FXoxqyA5aspmK72eQGm72dQI2Yg=="],

    "@dprint/linux-loong64-musl": ["@dprint/linux-loong64-musl@0.57.4", "", { "os": "linux", "cpu": "none" }, "sha512-TTNKhwDj4qCWSiP20pdktb/mF0MfjVnXEcCXAd37ll6lx+ri4M5aQKyeyFL1pVGU9msjQv++UTU7MGF9uKfOzA=="],

    "@dprint/linux-ppc64-glibc": ["@dprint/linux-ppc64-glibc@0.57.4", "", { "os": "linux", "cpu": "ppc64" }, "sha512-kQGTaEoZIk+aHtEltz+nBQ54dhJ3dSxN4jxBOnK2wYCTaMkRnGxfF9Uwc29u/BL3Fw6ieDOJCSHy2VWFZdyctA=="],

    "@dprint/linux-ppc64-musl": ["@dprint/linux-ppc64-musl@0.57.4", "", { "os": "linux", "cpu": "ppc64" }, "sha512-NuhwpDFzyBovfpI3M47eBUju8eCxR7tfrMpPBWXyl9YgX0JeBZt6clOV/fwJ2P3DE/ARD9xoyQSGgHzDoSFlOQ=="],

    "@dprint/linux-riscv64-glibc": ["@dprint/linux-riscv64-glibc@0.57.4", "", { "os": "linux", "cpu": "none" }, "sha512-pWBdHK8SKt9IGldbuZGbec37RyQqP4zqsWfpq7iyH+m33f7Aagus5ktvKF85KYfLTewIg+ev3vlxryB9iHBiNA=="],

    "@dprint/linux-x64-glibc": ["@dprint/linux-x64-glibc@0.57.4", "", { "os": "linux", "cpu": "x64" }, "sha512-BYrSdjYo+nfUgXqgIbZZQnHvpM6UP7Dipfsuzxs0JmuHZRRkJIPjDdj/Qpbn/5Qv1gC4eV0cZsxRu8B634wkig=="],

    "@dprint/linux-x64-musl": ["@dprint/linux-x64-musl@0.57.4", "", { "os": "linux", "cpu": "x64" }, "sha512-pBRF5Kfv59FLtWYWWKpDLOv2+uTIr/XG2oMuRBiXXZom0b506aMm3zKCZ7z5ELeIYutPpASfkDbHcsyTY0ky6w=="],

    "@dprint/win32-arm64": ["@dprint/win32-arm64@0.57.4", "", { "os": "win32", "cpu": "arm64" }, "sha512-bGEtcSjl6T4xjwr9nUF5kgd3174NP7yb338+Ulqq5DMYcSN4ibI62eVQKBTuyLWByz56aVOL06dj8pKTUzn+yQ=="],

    "@dprint/win32-x64": ["@dprint/win32-x64@0.57.4", "", { "os": "win32", "cpu": "x64" }, "sha512-P91JJG2sDvK+SvZHdqjKygy7fYABbMH1KYop+WCowyjZUin09977qltdXwJ1vb77Cbi2OD0GWUuAlqO0PjNmaw=="],

    "@types/bun": ["@types/bun@1.4.2", "", { "dependencies": { "bun-types": "1.4.2" } }, "sha512-GimotNn7+ZV0uVArItBbriZsR1oNf0+WTzPkdcFrzShI7k2norL0uzEaJT8T33dWr7O/c9ZDuAFQrctKCi72oQ=="],

    "@types/node": ["@types/node@24.13.4", "", { "dependencies": { "undici-types": "~7.18.0" } }, "sha512-YJ7EqCstVTzIr0fMr7qul/977en+pQHrfmuKIo6Zr9i75Be21dr3MovcfvGtyvi2HAUrRerWps5sMO9I7WaxDw=="],

    "@typescript/typescript-aix-ppc64": ["@typescript/typescript-aix-ppc64@7.0.2", "", { "os": "aix", "cpu": "ppc64" }, "sha512-MTKKkWB7p/0E9xi1d1tHtZ5PiLkGEMIq88pK2CubZjOsLtYTLqhgIgi6zepFa+9GHZ6h05NMCkQxGKiPXMxXtQ=="],

    "@typescript/typescript-darwin-arm64": ["@typescript/typescript-darwin-arm64@7.0.2", "", { "os": "darwin", "cpu": "arm64" }, "sha512-gowzar9MwS/aRWp6f3a4KUqzRjAZjOsmGNCM6LcTgXum+dBfgsBVMN+AgvOCCbguXyick6LJhpBszxMebJ8syA=="],

    "@typescript/typescript-darwin-x64": ["@typescript/typescript-darwin-x64@7.0.2", "", { "os": "darwin", "cpu": "x64" }, "sha512-SZ9xZInqApNlNGc9s0W1VSsktYSOe9cFqNOIqmN1Gs8SmkjKZYFt017G4VwPxASInODuAdbTW7sXiFUf893RgA=="],

    "@typescript/typescript-freebsd-arm64": ["@typescript/typescript-freebsd-arm64@7.0.2", "", { "os": "freebsd", "cpu": "arm64" }, "sha512-W5NH4y/J0plIIS5b2xvTEkU7JFxyqdMAOgf+Ilhl0vHQXKO5dZoxd+C/jEtq56c4F3wk71RB4BMRQ2XdI+bwYQ=="],

    "@typescript/typescript-freebsd-x64": ["@typescript/typescript-freebsd-x64@7.0.2", "", { "os": "freebsd", "cpu": "x64" }, "sha512-UMGDx5sTpzNw3WiPebH7l90IWfJggEd+egHt/q6p7/Cm3zqoV7VxkGXt+3DxPIw8CcmvAB0j3sVVfbhX+M4Tpw=="],

    "@typescript/typescript-linux-arm": ["@typescript/typescript-linux-arm@7.0.2", "", { "os": "linux", "cpu": "arm" }, "sha512-gffT3xPz9sR7j/YJExkyPntrI0P2EP9XbOyWzth2/Gs0RstK+90RBcO0ncXoXy/beYll1SXw846Nf2zdnEz0QQ=="],

    "@typescript/typescript-linux-arm64": ["@typescript/typescript-linux-arm64@7.0.2", "", { "os": "linux", "cpu": "arm64" }, "sha512-Qh4eU4/y3yDjnfjjyPYihMj5/ODIlmt+Bzu17OI+fiSRDW57QmU5SiN63exPRNJPKUzcc1INa1NXdrJ+MqHjUQ=="],

    "@typescript/typescript-linux-loong64": ["@typescript/typescript-linux-loong64@7.0.2", "", { "os": "linux", "cpu": "none" }, "sha512-uEHck9i8hoAzXPiYRib1O7miOnz23SxIeVl6F4LXox+qov1K35jHcEW6VHKvZI+pyvl7fZEP4MCU5LYvIq1GuQ=="],

    "@typescript/typescript-linux-mips64el": ["@typescript/typescript-linux-mips64el@7.0.2", "", { "os": "linux", "cpu": "none" }, "sha512-R4KvAMnE43W5Qeqb0Ly56O3mWMWIAgsMyz36DCaycd5nbg/9kzm0liw3JocfRqyJY0KPmzFjbswozXyW0DnIYA=="],

    "@typescript/typescript-linux-ppc64": ["@typescript/typescript-linux-ppc64@7.0.2", "", { "os": "linux", "cpu": "ppc64" }, "sha512-DORx5b3sd/4S7eayxm4FQv+A7CrkUIGRaHiwI8oiHTAI1fAPWhF4J0vAlkC8biAlHSVVwxMQ3tjZ2/DVbnQiiA=="],

    "@typescript/typescript-linux-riscv64": ["@typescript/typescript-linux-riscv64@7.0.2", "", { "os": "linux", "cpu": "none" }, "sha512-wf0jqEDOjrPRnKwYRyyJDRo11KMbvMFrU+q4zqKyChODBzvlkbhNQfKvLxQCcwTpdDaXSHZTVuh0JoCrKCUMHQ=="],

    "@typescript/typescript-linux-s390x": ["@typescript/typescript-linux-s390x@7.0.2", "", { "os": "linux", "cpu": "s390x" }, "sha512-IkwJc3L7yhytWd/ewjyxNDfOmswCm9GWMJT/ue/dU4aZNbwZeYAetq42VyLmsmSjvoX7z74X6ZaYCtzAr0EuGw=="],

    "@typescript/typescript-linux-x64": ["@typescript/typescript-linux-x64@7.0.2", "", { "os": "linux", "cpu": "x64" }, "sha512-EYdf2cNg7rgCWJnxCdJ+F3V39O8ihb37eHAu1LK8oAFizgTQbPOK7zHHXbPt8rX24COqODXeI3sIf0fCXG7H/A=="],

    "@typescript/typescript-netbsd-arm64": ["@typescript/typescript-netbsd-arm64@7.0.2", "", { "os": "none", "cpu": "arm64" }, "sha512-+polYF4MF04aPpO5FTkHran9yUQDSXqy5GiSDKpsll5jy3l3+g9QLhpf39T+ePtefhXLOGrLl0QIjkQP6VnelA=="],

    "@typescript/typescript-netbsd-x64": ["@typescript/typescript-netbsd-x64@7.0.2", "", { "os": "none", "cpu": "x64" }, "sha512-8YIT0EHM/3dq10ZOVF/A7pc/YSMtbcecct4rWtexrnSCHOPcpC2KTLXfTCR6vDpnSiY12heNb1GiN/wu+T/FyA=="],

    "@typescript/typescript-openbsd-arm64": ["@typescript/typescript-openbsd-arm64@7.0.2", "", { "os": "openbsd", "cpu": "arm64" }, "sha512-APT8+ClYnuYm1u9+kgGXoMj2VzWzcymwh2gNSQVySHfkRDGOTVkoWLjCmOQSaO+PoqQ57B0flRp9SA+7GnnkzQ=="],

    "@typescript/typescript-openbsd-x64": ["@typescript/typescript-openbsd-x64@7.0.2", "", { "os": "openbsd", "cpu": "x64" }, "sha512-yX7s+Q0Dln0Dt9tEzZsAjXXR/+ytBM7AlglaqyeMPxQszJ1JhlJdZ6jLA+IzldHtflX81em7lDao1xXu+aRRkg=="],

    "@typescript/typescript-sunos-x64": ["@typescript/typescript-sunos-x64@7.0.2", "", { "os": "sunos", "cpu": "x64" }, "sha512-dLJDGaLZ1D4HPQn62u1n8mBDkJREwMsAkCdkwd4Ieqw+x3TUyTsqY0YiBCtE6H6OzzgGk3iuZ3vFWRS+E8/d1g=="],

    "@typescript/typescript-win32-arm64": ["@typescript/typescript-win32-arm64@7.0.2", "", { "os": "win32", "cpu": "arm64" }, "sha512-Gyl1Vy6OsWesLzmq+EP0Fb7b4Nid5232AvcA2SFcdYreldpNtYFFofPjnt62y9hQy7VTaZp65ICJjuAQRaVcIQ=="],

    "@typescript/typescript-win32-x64": ["@typescript/typescript-win32-x64@7.0.2", "", { "os": "win32", "cpu": "x64" }, "sha512-0BQ3HkAHHlKLSp1qRvf3SUhGpGsDuhB/jgFw75guyqbxJqEaS0Cw/VFO8i2nHglJUzQCRtMMR/IBAKE3ETMC4g=="],

    "bun-types": ["bun-types@1.4.2", "", { "dependencies": { "@types/node": "*" } }, "sha512-bxV1FgK7yBIzjRe5zBozIM4Bem11ZJcCXSrjWRG3YWLt8yFDePu4cLjpebO8OvPeIE9trbyPF4fuj3Cia4Fj3w=="],

    "date-format": ["date-format@4.0.14", "", {}, "sha512-39BOQLs9ZjKh0/patS9nrT8wc3ioX3/eA/zgbKNopnF2wCqJEoxywwwElATYvRsXdnOxA/OQeQoFZ3rFjVajhg=="],

    "debug": ["debug@4.4.3", "", { "dependencies": { "ms": "^2.1.3" } }, "sha512-RGwwWnwQvkVfavKVt22FGLw+xYSdzARwm0ru6DhTVA3umU5hZc28V3kO4stgYryrTlLpuvgI9GiijltAjNbcqA=="],

    "dprint": ["dprint@0.57.4", "", { "optionalDependencies": { "@dprint/android-arm64": "0.57.4", "@dprint/android-x64": "0.57.4", "@dprint/darwin-arm64": "0.57.4", "@dprint/darwin-x64": "0.57.4", "@dprint/linux-arm64-glibc": "0.57.4", "@dprint/linux-arm64-musl": "0.57.4", "@dprint/linux-loong64-glibc": "0.57.4", "@dprint/linux-loong64-musl": "0.57.4", "@dprint/linux-ppc64-glibc": "0.57.4", "@dprint/linux-ppc64-musl": "0.57.4", "@dprint/linux-riscv64-glibc": "0.57.4", "@dprint/linux-x64-glibc": "0.57.4", "@dprint/linux-x64-musl": "0.57.4", "@dprint/win32-arm64": "0.57.4", "@dprint/win32-x64": "0.57.4" }, "bin": { "dprint": "bin.cjs" } }, "sha512-iiorgfJrrV7DDf7S9AB/d5ZB59Jn5idMDQoU7o6H9m6AvGVaLAPrGTAslmTwykkft9CYbWzqUrKjmKT80KWmAA=="],

    "flatted": ["flatted@3.4.4", "", {}, "sha512-5+ybhBZANEJxaH3X5evAFatUxLfEHSr7n6kYJ+1Qd0mUqr4eu9gIf6GDbWHf8RJijHrjjO8G+la14SlL2SeS1Q=="],

    "fs-extra": ["fs-extra@8.1.0", "", { "dependencies": { "graceful-fs": "^4.2.0", "jsonfile": "^4.0.0", "universalify": "^0.1.0" } }, "sha512-yhlQgA6mnOJUKOsRUFsgJdQCvkKhcz8tlZG5HBQfReYZy46OwLcY+Zia0mtdHsOo9y/hP+CxMN0TU9QxoOtG4g=="],

    "graceful-fs": ["graceful-fs@4.2.11", "", {}, "sha512-RbJ5/jmFcNNCcDV5o9eTnBLJ/HszWV0P73bc+Ff4nS/rJj+YaS6IGyiOL0VoBYX+l1Wrl3k63h/KrH+nhJ0XvQ=="],

    "jsonfile": ["jsonfile@4.0.0", "", { "optionalDependencies": { "graceful-fs": "^4.1.6" } }, "sha512-m6F1R3z8jjlf2imQHS2Qez5sjKWQzbuuhuJ/FKYFRZvPE3PuHcSMVZzfsLhGVOkfd20obL5SWEBew5ShlquNxg=="],

    "log4js": ["log4js@6.9.1", "", { "dependencies": { "date-format": "^4.0.14", "debug": "^4.3.4", "flatted": "^3.2.7", "rfdc": "^1.3.0", "streamroller": "^3.1.5" } }, "sha512-1somDdy9sChrr9/f4UlzhdaGfDR2c/SaD2a4T7qEkG4jTS57/B3qmnjLYePwQ8cqWnUHZI0iAKxMBpCZICiZ2g=="],

    "ms": ["ms@2.1.3", "", {}, "sha512-6FlzubTLZG3J2a/NVCAleEhjzq5oxgHyaCU9yYXvcLsvoVaHJq/s5xXI6/XXP6tz7R9xAOtHnSO/tXtF3WRTlA=="],

    "rfdc": ["rfdc@1.4.1", "", {}, "sha512-q1b3N5QkRUWUl7iyylaaj3kOpIT0N2i9MqIEQXP73GVsN9cw3fdx8X63cEmWhJGi2PPCF23Ijp7ktmd39rawIA=="],

    "streamroller": ["streamroller@3.1.5", "", { "dependencies": { "date-format": "^4.0.14", "debug": "^4.3.4", "fs-extra": "^8.1.0" } }, "sha512-KFxaM7XT+irxvdqSP1LGLgNWbYN7ay5owZ3r/8t77p+EtSUAfUgtl7be3xtqtOmGUl9K9YPO2ca8133RlTjvKw=="],

    "typescript": ["typescript@7.0.2", "", { "optionalDependencies": { "@typescript/typescript-aix-ppc64": "7.0.2", "@typescript/typescript-darwin-arm64": "7.0.2", "@typescript/typescript-darwin-x64": "7.0.2", "@typescript/typescript-freebsd-arm64": "7.0.2", "@typescript/typescript-freebsd-x64": "7.0.2", "@typescript/typescript-linux-arm": "7.0.2", "@typescript/typescript-linux-arm64": "7.0.2", "@typescript/typescript-linux-loong64": "7.0.2", "@typescript/typescript-linux-mips64el": "7.0.2", "@typescript/typescript-linux-ppc64": "7.0.2", "@typescript/typescript-linux-riscv64": "7.0.2", "@typescript/typescript-linux-s390x": "7.0.2", "@typescript/typescript-linux-x64": "7.0.2", "@typescript/typescript-netbsd-arm64": "7.0.2", "@typescript/typescript-netbsd-x64": "7.0.2", "@typescript/typescript-openbsd-arm64": "7.0.2", "@typescript/typescript-openbsd-x64": "7.0.2", "@typescript/typescript-sunos-x64": "7.0.2", "@typescript/typescript-win32-arm64": "7.0.2", "@typescript/typescript-win32-x64": "7.0.2" }, "bin": { "tsc": "bin/tsc" } }, "sha512-8FYau96o3NKOhbjKi/qNvG/W5jhzxkbdm5sj9AbZ/5T5sWqn3hJgLfGx27sRKZWTvyzCP8dLRBTf5tBTSRVUNA=="],

    "undici-types": ["undici-types@7.18.2", "", {}, "sha512-AsuCzffGHJybSaRrmr5eHr81mwJU3kjw6M+uprWvCXiNeN9SOGwQ3Jn8jb8m3Z6izVgknn1R0FTCEAP2QrLY/w=="],

    "universalify": ["universalify@0.1.2", "", {}, "sha512-rBJeI5CXAlmy1pV+617WB9J63U6XcazHHF2f2dbJix4XzpUF0RS3Zbj0FGIOCAva5P/d/GBOYaACQ1w+0azUkg=="],
  }
}
